{
  "version": "3",
  "packages": {
    "specifiers": {
      "npm:three@0.160.0": "npm:three@0.160.0"
    },
    "npm": {
      "three@0.160.0": {
        "integrity": "sha512-DLU8lc0zNIPkM7rH5/e1Ks1Z8tWCGRq6g8mPowdDJpw1CFBJMU7UoJjC6PefXW7z//SSl0b2+GCw14LB+uDhng==",
        "dependencies": {}
      }
    }
  },
  "remote": {}
}
